
Microsoft Visual Studio Solution File, Format Version 12.00
# Visual Studio Version 16
VisualStudioVersion = 16.0.29424.173
MinimumVisualStudioVersion = 10.0.40219.1
Project("{2150E333-8FDC-42A3-9474-1A3956D46DE8}") = "Manager", "Manager", "{466079D7-1A48-4579-868E-815D6B0D29B9}"
EndProject
Project("{2150E333-8FDC-42A3-9474-1A3956D46DE8}") = "Engine", "Engine", "{C6ABC032-9B9E-4E17-8940-DBA3FF620372}"
EndProject
Project("{2150E333-8FDC-42A3-9474-1A3956D46DE8}") = "Resource", "Resource", "{92B302E7-35C0-42FF-B06F-4FDD0B309C63}"
EndProject
Project("{2150E333-8FDC-42A3-9474-1A3956D46DE8}") = "Infrastructure", "Infrastructure", "{1463A5F5-673A-40AB-B78A-B44BB0022C12}"
EndProject
Project("{2150E333-8FDC-42A3-9474-1A3956D46DE8}") = "Database", "Database", "{80BE29F8-485B-43B3-9D08-631DD72D592B}"
EndProject
Project("{9A19103F-16F7-4668-BE54-9A1E7A4F7556}") = "NetCoreAngular.Database", "Database\NetCoreAngular.Database.csproj", "{909B2B22-9E1F-4BD3-AB58-ADB5B3A77DB8}"
EndProject
Project("{2150E333-8FDC-42A3-9474-1A3956D46DE8}") = "Solution Items", "Solution Items", "{BF9331AC-9FFD-4716-BF54-5876ECB91A5A}"
	ProjectSection(SolutionItems) = preProject
		..\.dockerignore = ..\.dockerignore
		..\.gitignore = ..\.gitignore
		..\docker-compose.yml = ..\docker-compose.yml
		..\Dockerfile = ..\Dockerfile
		text.txt = text.txt
	EndProjectSection
EndProject
Project("{9A19103F-16F7-4668-BE54-9A1E7A4F7556}") = "NetCoreAngular.Resource.Configuration", "Resource\Configuration\NetCoreAngular.Resource.Configuration.csproj", "{2C69A73A-BC6B-4F2F-AD29-EC995FA61E7F}"
EndProject
Project("{9A19103F-16F7-4668-BE54-9A1E7A4F7556}") = "NetCoreAngular.Manager.Configuration", "Manager\Configuration\NetCoreAngular.Manager.Configuration.csproj", "{ECFA50CA-9334-4403-958C-3B3578543893}"
EndProject
Project("{2150E333-8FDC-42A3-9474-1A3956D46DE8}") = "Client", "Client", "{AEFEB6CA-4C5E-452A-ADA9-AB16564C3B08}"
EndProject
Project("{9A19103F-16F7-4668-BE54-9A1E7A4F7556}") = "NetCoreAngular.Infrastructure", "Infrastructure\Infrastructure\NetCoreAngular.Infrastructure.csproj", "{28048B71-12CC-4F33-A1B3-CF4E6BCDB912}"
EndProject
Project("{9A19103F-16F7-4668-BE54-9A1E7A4F7556}") = "NetCoreAngular.Engine.Validation", "Engine\Validation\NetCoreAngular.Engine.Validation.csproj", "{9318646C-4B69-4705-996B-19B12F1F2CA0}"
EndProject
Project("{9A19103F-16F7-4668-BE54-9A1E7A4F7556}") = "NetCoreAngular.Client.Web", "Client\Web\NetCoreAngular.Client.Web.csproj", "{D8908386-FBA3-4C68-8B2D-ED93DB203616}"
EndProject
Project("{FAE04EC0-301F-11D3-BF4B-00C04F79EFBC}") = "NetCoreAngular.Client.Web2", "NetCoreAngular.Client.Web2\NetCoreAngular.Client.Web2.csproj", "{5521AE87-EBDA-47F2-BA99-286A24125537}"
EndProject
Global
	GlobalSection(SolutionConfigurationPlatforms) = preSolution
		Debug|Any CPU = Debug|Any CPU
		Release|Any CPU = Release|Any CPU
	EndGlobalSection
	GlobalSection(ProjectConfigurationPlatforms) = postSolution
		{909B2B22-9E1F-4BD3-AB58-ADB5B3A77DB8}.Debug|Any CPU.ActiveCfg = Debug|Any CPU
		{909B2B22-9E1F-4BD3-AB58-ADB5B3A77DB8}.Debug|Any CPU.Build.0 = Debug|Any CPU
		{909B2B22-9E1F-4BD3-AB58-ADB5B3A77DB8}.Release|Any CPU.ActiveCfg = Release|Any CPU
		{909B2B22-9E1F-4BD3-AB58-ADB5B3A77DB8}.Release|Any CPU.Build.0 = Release|Any CPU
		{2C69A73A-BC6B-4F2F-AD29-EC995FA61E7F}.Debug|Any CPU.ActiveCfg = Debug|Any CPU
		{2C69A73A-BC6B-4F2F-AD29-EC995FA61E7F}.Debug|Any CPU.Build.0 = Debug|Any CPU
		{2C69A73A-BC6B-4F2F-AD29-EC995FA61E7F}.Release|Any CPU.ActiveCfg = Release|Any CPU
		{2C69A73A-BC6B-4F2F-AD29-EC995FA61E7F}.Release|Any CPU.Build.0 = Release|Any CPU
		{ECFA50CA-9334-4403-958C-3B3578543893}.Debug|Any CPU.ActiveCfg = Debug|Any CPU
		{ECFA50CA-9334-4403-958C-3B3578543893}.Debug|Any CPU.Build.0 = Debug|Any CPU
		{ECFA50CA-9334-4403-958C-3B3578543893}.Release|Any CPU.ActiveCfg = Release|Any CPU
		{ECFA50CA-9334-4403-958C-3B3578543893}.Release|Any CPU.Build.0 = Release|Any CPU
		{28048B71-12CC-4F33-A1B3-CF4E6BCDB912}.Debug|Any CPU.ActiveCfg = Debug|Any CPU
		{28048B71-12CC-4F33-A1B3-CF4E6BCDB912}.Debug|Any CPU.Build.0 = Debug|Any CPU
		{28048B71-12CC-4F33-A1B3-CF4E6BCDB912}.Release|Any CPU.ActiveCfg = Release|Any CPU
		{28048B71-12CC-4F33-A1B3-CF4E6BCDB912}.Release|Any CPU.Build.0 = Release|Any CPU
		{9318646C-4B69-4705-996B-19B12F1F2CA0}.Debug|Any CPU.ActiveCfg = Debug|Any CPU
		{9318646C-4B69-4705-996B-19B12F1F2CA0}.Debug|Any CPU.Build.0 = Debug|Any CPU
		{9318646C-4B69-4705-996B-19B12F1F2CA0}.Release|Any CPU.ActiveCfg = Release|Any CPU
		{9318646C-4B69-4705-996B-19B12F1F2CA0}.Release|Any CPU.Build.0 = Release|Any CPU
		{D8908386-FBA3-4C68-8B2D-ED93DB203616}.Debug|Any CPU.ActiveCfg = Debug|Any CPU
		{D8908386-FBA3-4C68-8B2D-ED93DB203616}.Debug|Any CPU.Build.0 = Debug|Any CPU
		{D8908386-FBA3-4C68-8B2D-ED93DB203616}.Release|Any CPU.ActiveCfg = Release|Any CPU
		{D8908386-FBA3-4C68-8B2D-ED93DB203616}.Release|Any CPU.Build.0 = Release|Any CPU
		{5521AE87-EBDA-47F2-BA99-286A24125537}.Debug|Any CPU.ActiveCfg = Debug|Any CPU
		{5521AE87-EBDA-47F2-BA99-286A24125537}.Debug|Any CPU.Build.0 = Debug|Any CPU
		{5521AE87-EBDA-47F2-BA99-286A24125537}.Release|Any CPU.ActiveCfg = Release|Any CPU
		{5521AE87-EBDA-47F2-BA99-286A24125537}.Release|Any CPU.Build.0 = Release|Any CPU
	EndGlobalSection
	GlobalSection(SolutionProperties) = preSolution
		HideSolutionNode = FALSE
	EndGlobalSection
	GlobalSection(NestedProjects) = preSolution
		{909B2B22-9E1F-4BD3-AB58-ADB5B3A77DB8} = {80BE29F8-485B-43B3-9D08-631DD72D592B}
		{2C69A73A-BC6B-4F2F-AD29-EC995FA61E7F} = {92B302E7-35C0-42FF-B06F-4FDD0B309C63}
		{ECFA50CA-9334-4403-958C-3B3578543893} = {466079D7-1A48-4579-868E-815D6B0D29B9}
		{28048B71-12CC-4F33-A1B3-CF4E6BCDB912} = {1463A5F5-673A-40AB-B78A-B44BB0022C12}
		{9318646C-4B69-4705-996B-19B12F1F2CA0} = {C6ABC032-9B9E-4E17-8940-DBA3FF620372}
		{D8908386-FBA3-4C68-8B2D-ED93DB203616} = {AEFEB6CA-4C5E-452A-ADA9-AB16564C3B08}
		{5521AE87-EBDA-47F2-BA99-286A24125537} = {AEFEB6CA-4C5E-452A-ADA9-AB16564C3B08}
	EndGlobalSection
	GlobalSection(ExtensibilityGlobals) = postSolution
		SolutionGuid = {16918FB6-4931-4E1E-8738-E211F12A2C5B}
	EndGlobalSection
EndGlobal
