
Microsoft Visual Studio Solution File, Format Version 12.00
# Visual Studio 15
VisualStudioVersion = 15.0.27703.2042
MinimumVisualStudioVersion = 10.0.40219.1
Project("{9A19103F-16F7-4668-BE54-9A1E7A4F7556}") = "NetCore21Angular.Web", "Web\NetCore21Angular.Web.csproj", "{215359B2-B2E5-4734-B40A-BE3D43501966}"
EndProject
Global
	GlobalSection(SolutionConfigurationPlatforms) = preSolution
		Debug|Any CPU = Debug|Any CPU
		Release|Any CPU = Release|Any CPU
	EndGlobalSection
	GlobalSection(ProjectConfigurationPlatforms) = postSolution
		{215359B2-B2E5-4734-B40A-BE3D43501966}.Debug|Any CPU.ActiveCfg = Debug|Any CPU
		{215359B2-B2E5-4734-B40A-BE3D43501966}.Debug|Any CPU.Build.0 = Debug|Any CPU
		{215359B2-B2E5-4734-B40A-BE3D43501966}.Release|Any CPU.ActiveCfg = Release|Any CPU
		{215359B2-B2E5-4734-B40A-BE3D43501966}.Release|Any CPU.Build.0 = Release|Any CPU
	EndGlobalSection
	GlobalSection(SolutionProperties) = preSolution
		HideSolutionNode = FALSE
	EndGlobalSection
	GlobalSection(ExtensibilityGlobals) = postSolution
		SolutionGuid = {16918FB6-4931-4E1E-8738-E211F12A2C5B}
	EndGlobalSection
EndGlobal
