
Microsoft Visual Studio Solution File, Format Version 12.00
# Visual Studio 15
VisualStudioVersion = 15.0.27703.2042
MinimumVisualStudioVersion = 10.0.40219.1
Project("{FAE04EC0-301F-11D3-BF4B-00C04F79EFBC}") = "NetCore21Angular.Web", "NetCore21Angular.Web\NetCore21Angular.Web.csproj", "{9EFD3330-6891-4138-BC5B-B390BCF1CCE4}"
EndProject
Global
	GlobalSection(SolutionConfigurationPlatforms) = preSolution
		Debug|Any CPU = Debug|Any CPU
		Release|Any CPU = Release|Any CPU
	EndGlobalSection
	GlobalSection(ProjectConfigurationPlatforms) = postSolution
		{9EFD3330-6891-4138-BC5B-B390BCF1CCE4}.Debug|Any CPU.ActiveCfg = Debug|Any CPU
		{9EFD3330-6891-4138-BC5B-B390BCF1CCE4}.Debug|Any CPU.Build.0 = Debug|Any CPU
		{9EFD3330-6891-4138-BC5B-B390BCF1CCE4}.Release|Any CPU.ActiveCfg = Release|Any CPU
		{9EFD3330-6891-4138-BC5B-B390BCF1CCE4}.Release|Any CPU.Build.0 = Release|Any CPU
	EndGlobalSection
	GlobalSection(SolutionProperties) = preSolution
		HideSolutionNode = FALSE
	EndGlobalSection
	GlobalSection(ExtensibilityGlobals) = postSolution
		SolutionGuid = {16918FB6-4931-4E1E-8738-E211F12A2C5B}
	EndGlobalSection
EndGlobal
